// !$*UTF8*$!
{
	archiveVersion = 1;
	classes = {
	};
	objectVersion = 55;
	objects = {

/* Begin PBXBuildFile section */
		3563C0DD660377E8A405364D /* Pods_RxFlowTest.framework in Frameworks */ = {isa = PBXBuildFile; fileRef = 2602B1E85B6FA3D23FF04443 /* Pods_RxFlowTest.framework */; };
		927F48D2270751FC00C760A8 /* AppDelegate.swift in Sources */ = {isa = PBXBuildFile; fileRef = 927F48D1270751FC00C760A8 /* AppDelegate.swift */; };
		927F48D4270751FC00C760A8 /* SceneDelegate.swift in Sources */ = {isa = PBXBuildFile; fileRef = 927F48D3270751FC00C760A8 /* SceneDelegate.swift */; };
		927F48DB270751FD00C760A8 /* Assets.xcassets in Resources */ = {isa = PBXBuildFile; fileRef = 927F48DA270751FD00C760A8 /* Assets.xcassets */; };
		927F48DE270751FD00C760A8 /* LaunchScreen.storyboard in Resources */ = {isa = PBXBuildFile; fileRef = 927F48DC270751FD00C760A8 /* LaunchScreen.storyboard */; };
		927F49072707F49D00C760A8 /* DefaultStep.swift in Sources */ = {isa = PBXBuildFile; fileRef = 927F49062707F49D00C760A8 /* DefaultStep.swift */; };
		927F49092707F4EB00C760A8 /* AppFlow.swift in Sources */ = {isa = PBXBuildFile; fileRef = 927F49082707F4EB00C760A8 /* AppFlow.swift */; };
		927F490B2708107D00C760A8 /* HomeViewController.swift in Sources */ = {isa = PBXBuildFile; fileRef = 927F490A2708107D00C760A8 /* HomeViewController.swift */; };
		927F490D2708125A00C760A8 /* LoginViewController.swift in Sources */ = {isa = PBXBuildFile; fileRef = 927F490C2708125A00C760A8 /* LoginViewController.swift */; };
		927F490F270812D600C760A8 /* AppStepper.swift in Sources */ = {isa = PBXBuildFile; fileRef = 927F490E270812D600C760A8 /* AppStepper.swift */; };
		927F49112708715F00C760A8 /* LoginFlow.swift in Sources */ = {isa = PBXBuildFile; fileRef = 927F49102708715F00C760A8 /* LoginFlow.swift */; };
		927F49132708777300C760A8 /* HomeFlow.swift in Sources */ = {isa = PBXBuildFile; fileRef = 927F49122708777300C760A8 /* HomeFlow.swift */; };
/* End PBXBuildFile section */

/* Begin PBXFileReference section */
		2602B1E85B6FA3D23FF04443 /* Pods_RxFlowTest.framework */ = {isa = PBXFileReference; explicitFileType = wrapper.framework; includeInIndex = 0; path = Pods_RxFlowTest.framework; sourceTree = BUILT_PRODUCTS_DIR; };
		53C12EDA281488BDD4056CAB /* Pods-RxFlowTest.debug.xcconfig */ = {isa = PBXFileReference; includeInIndex = 1; lastKnownFileType = text.xcconfig; name = "Pods-RxFlowTest.debug.xcconfig"; path = "Target Support Files/Pods-RxFlowTest/Pods-RxFlowTest.debug.xcconfig"; sourceTree = "<group>"; };
		927F48CE270751FC00C760A8 /* RxFlowTest.app */ = {isa = PBXFileReference; explicitFileType = wrapper.application; includeInIndex = 0; path = RxFlowTest.app; sourceTree = BUILT_PRODUCTS_DIR; };
		927F48D1270751FC00C760A8 /* AppDelegate.swift */ = {isa = PBXFileReference; lastKnownFileType = sourcecode.swift; path = AppDelegate.swift; sourceTree = "<group>"; };
		927F48D3270751FC00C760A8 /* SceneDelegate.swift */ = {isa = PBXFileReference; lastKnownFileType = sourcecode.swift; path = SceneDelegate.swift; sourceTree = "<group>"; };
		927F48DA270751FD00C760A8 /* Assets.xcassets */ = {isa = PBXFileReference; lastKnownFileType = folder.assetcatalog; path = Assets.xcassets; sourceTree = "<group>"; };
		927F48DD270751FD00C760A8 /* Base */ = {isa = PBXFileReference; lastKnownFileType = file.storyboard; name = Base; path = Base.lproj/LaunchScreen.storyboard; sourceTree = "<group>"; };
		927F48DF270751FD00C760A8 /* Info.plist */ = {isa = PBXFileReference; lastKnownFileType = text.plist.xml; path = Info.plist; sourceTree = "<group>"; };
		927F49062707F49D00C760A8 /* DefaultStep.swift */ = {isa = PBXFileReference; lastKnownFileType = sourcecode.swift; path = DefaultStep.swift; sourceTree = "<group>"; };
		927F49082707F4EB00C760A8 /* AppFlow.swift */ = {isa = PBXFileReference; lastKnownFileType = sourcecode.swift; path = AppFlow.swift; sourceTree = "<group>"; };
		927F490A2708107D00C760A8 /* HomeViewController.swift */ = {isa = PBXFileReference; lastKnownFileType = sourcecode.swift; path = HomeViewController.swift; sourceTree = "<group>"; };
		927F490C2708125A00C760A8 /* LoginViewController.swift */ = {isa = PBXFileReference; lastKnownFileType = sourcecode.swift; path = LoginViewController.swift; sourceTree = "<group>"; };
		927F490E270812D600C760A8 /* AppStepper.swift */ = {isa = PBXFileReference; lastKnownFileType = sourcecode.swift; path = AppStepper.swift; sourceTree = "<group>"; };
		927F49102708715F00C760A8 /* LoginFlow.swift */ = {isa = PBXFileReference; lastKnownFileType = sourcecode.swift; path = LoginFlow.swift; sourceTree = "<group>"; };
		927F49122708777300C760A8 /* HomeFlow.swift */ = {isa = PBXFileReference; lastKnownFileType = sourcecode.swift; path = HomeFlow.swift; sourceTree = "<group>"; };
		CEDFDFDB7F7D2921234B6222 /* Pods-RxFlowTest.release.xcconfig */ = {isa = PBXFileReference; includeInIndex = 1; lastKnownFileType = text.xcconfig; name = "Pods-RxFlowTest.release.xcconfig"; path = "Target Support Files/Pods-RxFlowTest/Pods-RxFlowTest.release.xcconfig"; sourceTree = "<group>"; };
/* End PBXFileReference section */

/* Begin PBXFrameworksBuildPhase section */
		927F48CB270751FC00C760A8 /* Frameworks */ = {
			isa = PBXFrameworksBuildPhase;
			buildActionMask = 2147483647;
			files = (
				3563C0DD660377E8A405364D /* Pods_RxFlowTest.framework in Frameworks */,
			);
			runOnlyForDeploymentPostprocessing = 0;
		};
/* End PBXFrameworksBuildPhase section */

/* Begin PBXGroup section */
		2813039D5512D29634C1904C /* Pods */ = {
			isa = PBXGroup;
			children = (
				53C12EDA281488BDD4056CAB /* Pods-RxFlowTest.debug.xcconfig */,
				CEDFDFDB7F7D2921234B6222 /* Pods-RxFlowTest.release.xcconfig */,
			);
			path = Pods;
			sourceTree = "<group>";
		};
		86CB1F281741B59C07A1BA92 /* Frameworks */ = {
			isa = PBXGroup;
			children = (
				2602B1E85B6FA3D23FF04443 /* Pods_RxFlowTest.framework */,
			);
			name = Frameworks;
			sourceTree = "<group>";
		};
		927F48C5270751FC00C760A8 = {
			isa = PBXGroup;
			children = (
				927F48D0270751FC00C760A8 /* RxFlowTest */,
				927F48CF270751FC00C760A8 /* Products */,
				2813039D5512D29634C1904C /* Pods */,
				86CB1F281741B59C07A1BA92 /* Frameworks */,
			);
			sourceTree = "<group>";
		};
		927F48CF270751FC00C760A8 /* Products */ = {
			isa = PBXGroup;
			children = (
				927F48CE270751FC00C760A8 /* RxFlowTest.app */,
			);
			name = Products;
			sourceTree = "<group>";
		};
		927F48D0270751FC00C760A8 /* RxFlowTest */ = {
			isa = PBXGroup;
			children = (
				927F49052707F48700C760A8 /* Flow */,
				927F48D1270751FC00C760A8 /* AppDelegate.swift */,
				927F48D3270751FC00C760A8 /* SceneDelegate.swift */,
				927F48DA270751FD00C760A8 /* Assets.xcassets */,
				927F48DC270751FD00C760A8 /* LaunchScreen.storyboard */,
				927F48DF270751FD00C760A8 /* Info.plist */,
				927F490A2708107D00C760A8 /* HomeViewController.swift */,
				927F490C2708125A00C760A8 /* LoginViewController.swift */,
			);
			path = RxFlowTest;
			sourceTree = "<group>";
		};
		927F49052707F48700C760A8 /* Flow */ = {
			isa = PBXGroup;
			children = (
				927F49062707F49D00C760A8 /* DefaultStep.swift */,
				927F490E270812D600C760A8 /* AppStepper.swift */,
				927F49082707F4EB00C760A8 /* AppFlow.swift */,
				927F49102708715F00C760A8 /* LoginFlow.swift */,
				927F49122708777300C760A8 /* HomeFlow.swift */,
			);
			path = Flow;
			sourceTree = "<group>";
		};
/* End PBXGroup section */

/* Begin PBXNativeTarget section */
		927F48CD270751FC00C760A8 /* RxFlowTest */ = {
			isa = PBXNativeTarget;
			buildConfigurationList = 927F48E2270751FD00C760A8 /* Build configuration list for PBXNativeTarget "RxFlowTest" */;
			buildPhases = (
				79C49A429109D852FDE5E50B /* [CP] Check Pods Manifest.lock */,
				927F48CA270751FC00C760A8 /* Sources */,
				927F48CB270751FC00C760A8 /* Frameworks */,
				927F48CC270751FC00C760A8 /* Resources */,
				3772CF42F76B7F59195B21CC /* [CP] Embed Pods Frameworks */,
			);
			buildRules = (
			);
			dependencies = (
			);
			name = RxFlowTest;
			productName = RxFlowTest;
			productReference = 927F48CE270751FC00C760A8 /* RxFlowTest.app */;
			productType = "com.apple.product-type.application";
		};
/* End PBXNativeTarget section */

/* Begin PBXProject section */
		927F48C6270751FC00C760A8 /* Project object */ = {
			isa = PBXProject;
			attributes = {
				BuildIndependentTargetsInParallel = 1;
				LastSwiftUpdateCheck = 1300;
				LastUpgradeCheck = 1300;
				TargetAttributes = {
					927F48CD270751FC00C760A8 = {
						CreatedOnToolsVersion = 13.0;
					};
				};
			};
			buildConfigurationList = 927F48C9270751FC00C760A8 /* Build configuration list for PBXProject "RxFlowTest" */;
			compatibilityVersion = "Xcode 13.0";
			developmentRegion = en;
			hasScannedForEncodings = 0;
			knownRegions = (
				en,
				Base,
			);
			mainGroup = 927F48C5270751FC00C760A8;
			productRefGroup = 927F48CF270751FC00C760A8 /* Products */;
			projectDirPath = "";
			projectRoot = "";
			targets = (
				927F48CD270751FC00C760A8 /* RxFlowTest */,
			);
		};
/* End PBXProject section */

/* Begin PBXResourcesBuildPhase section */
		927F48CC270751FC00C760A8 /* Resources */ = {
			isa = PBXResourcesBuildPhase;
			buildActionMask = 2147483647;
			files = (
				927F48DE270751FD00C760A8 /* LaunchScreen.storyboard in Resources */,
				927F48DB270751FD00C760A8 /* Assets.xcassets in Resources */,
			);
			runOnlyForDeploymentPostprocessing = 0;
		};
/* End PBXResourcesBuildPhase section */

/* Begin PBXShellScriptBuildPhase section */
		3772CF42F76B7F59195B21CC /* [CP] Embed Pods Frameworks */ = {
			isa = PBXShellScriptBuildPhase;
			buildActionMask = 2147483647;
			files = (
			);
			inputFileListPaths = (
				"${PODS_ROOT}/Target Support Files/Pods-RxFlowTest/Pods-RxFlowTest-frameworks-${CONFIGURATION}-input-files.xcfilelist",
			);
			name = "[CP] Embed Pods Frameworks";
			outputFileListPaths = (
				"${PODS_ROOT}/Target Support Files/Pods-RxFlowTest/Pods-RxFlowTest-frameworks-${CONFIGURATION}-output-files.xcfilelist",
			);
			runOnlyForDeploymentPostprocessing = 0;
			shellPath = /bin/sh;
			shellScript = "\"${PODS_ROOT}/Target Support Files/Pods-RxFlowTest/Pods-RxFlowTest-frameworks.sh\"\n";
			showEnvVarsInLog = 0;
		};
		79C49A429109D852FDE5E50B /* [CP] Check Pods Manifest.lock */ = {
			isa = PBXShellScriptBuildPhase;
			buildActionMask = 2147483647;
			files = (
			);
			inputFileListPaths = (
			);
			inputPaths = (
				"${PODS_PODFILE_DIR_PATH}/Podfile.lock",
				"${PODS_ROOT}/Manifest.lock",
			);
			name = "[CP] Check Pods Manifest.lock";
			outputFileListPaths = (
			);
			outputPaths = (
				"$(DERIVED_FILE_DIR)/Pods-RxFlowTest-checkManifestLockResult.txt",
			);
			runOnlyForDeploymentPostprocessing = 0;
			shellPath = /bin/sh;
			shellScript = "diff \"${PODS_PODFILE_DIR_PATH}/Podfile.lock\" \"${PODS_ROOT}/Manifest.lock\" > /dev/null\nif [ $? != 0 ] ; then\n    # print error to STDERR\n    echo \"error: The sandbox is not in sync with the Podfile.lock. Run 'pod install' or update your CocoaPods installation.\" >&2\n    exit 1\nfi\n# This output is used by Xcode 'outputs' to avoid re-running this script phase.\necho \"SUCCESS\" > \"${SCRIPT_OUTPUT_FILE_0}\"\n";
			showEnvVarsInLog = 0;
		};
/* End PBXShellScriptBuildPhase section */

/* Begin PBXSourcesBuildPhase section */
		927F48CA270751FC00C760A8 /* Sources */ = {
			isa = PBXSourcesBuildPhase;
			buildActionMask = 2147483647;
			files = (
				927F490D2708125A00C760A8 /* LoginViewController.swift in Sources */,
				927F49072707F49D00C760A8 /* DefaultStep.swift in Sources */,
				927F48D2270751FC00C760A8 /* AppDelegate.swift in Sources */,
				927F49112708715F00C760A8 /* LoginFlow.swift in Sources */,
				927F49132708777300C760A8 /* HomeFlow.swift in Sources */,
				927F49092707F4EB00C760A8 /* AppFlow.swift in Sources */,
				927F490F270812D600C760A8 /* AppStepper.swift in Sources */,
				927F48D4270751FC00C760A8 /* SceneDelegate.swift in Sources */,
				927F490B2708107D00C760A8 /* HomeViewController.swift in Sources */,
			);
			runOnlyForDeploymentPostprocessing = 0;
		};
/* End PBXSourcesBuildPhase section */

/* Begin PBXVariantGroup section */
		927F48DC270751FD00C760A8 /* LaunchScreen.storyboard */ = {
			isa = PBXVariantGroup;
			children = (
				927F48DD270751FD00C760A8 /* Base */,
			);
			name = LaunchScreen.storyboard;
			sourceTree = "<group>";
		};
/* End PBXVariantGroup section */

/* Begin XCBuildConfiguration section */
		927F48E0270751FD00C760A8 /* Debug */ = {
			isa = XCBuildConfiguration;
			buildSettings = {
				ALWAYS_SEARCH_USER_PATHS = NO;
				CLANG_ANALYZER_NONNULL = YES;
				CLANG_ANALYZER_NUMBER_OBJECT_CONVERSION = YES_AGGRESSIVE;
				CLANG_CXX_LANGUAGE_STANDARD = "gnu++17";
				CLANG_CXX_LIBRARY = "libc++";
				CLANG_ENABLE_MODULES = YES;
				CLANG_ENABLE_OBJC_ARC = YES;
				CLANG_ENABLE_OBJC_WEAK = YES;
				CLANG_WARN_BLOCK_CAPTURE_AUTORELEASING = YES;
				CLANG_WARN_BOOL_CONVERSION = YES;
				CLANG_WARN_COMMA = YES;
				CLANG_WARN_CONSTANT_CONVERSION = YES;
				CLANG_WARN_DEPRECATED_OBJC_IMPLEMENTATIONS = YES;
				CLANG_WARN_DIRECT_OBJC_ISA_USAGE = YES_ERROR;
				CLANG_WARN_DOCUMENTATION_COMMENTS = YES;
				CLANG_WARN_EMPTY_BODY = YES;
				CLANG_WARN_ENUM_CONVERSION = YES;
				CLANG_WARN_INFINITE_RECURSION = YES;
				CLANG_WARN_INT_CONVERSION = YES;
				CLANG_WARN_NON_LITERAL_NULL_CONVERSION = YES;
				CLANG_WARN_OBJC_IMPLICIT_RETAIN_SELF = YES;
				CLANG_WARN_OBJC_LITERAL_CONVERSION = YES;
				CLANG_WARN_OBJC_ROOT_CLASS = YES_ERROR;
				CLANG_WARN_QUOTED_INCLUDE_IN_FRAMEWORK_HEADER = YES;
				CLANG_WARN_RANGE_LOOP_ANALYSIS = YES;
				CLANG_WARN_STRICT_PROTOTYPES = YES;
				CLANG_WARN_SUSPICIOUS_MOVE = YES;
				CLANG_WARN_UNGUARDED_AVAILABILITY = YES_AGGRESSIVE;
				CLANG_WARN_UNREACHABLE_CODE = YES;
				CLANG_WARN__DUPLICATE_METHOD_MATCH = YES;
				COPY_PHASE_STRIP = NO;
				DEBUG_INFORMATION_FORMAT = dwarf;
				ENABLE_STRICT_OBJC_MSGSEND = YES;
				ENABLE_TESTABILITY = YES;
				GCC_C_LANGUAGE_STANDARD = gnu11;
				GCC_DYNAMIC_NO_PIC = NO;
				GCC_NO_COMMON_BLOCKS = YES;
				GCC_OPTIMIZATION_LEVEL = 0;
				GCC_PREPROCESSOR_DEFINITIONS = (
					"DEBUG=1",
					"$(inherited)",
				);
				GCC_WARN_64_TO_32_BIT_CONVERSION = YES;
				GCC_WARN_ABOUT_RETURN_TYPE = YES_ERROR;
				GCC_WARN_UNDECLARED_SELECTOR = YES;
				GCC_WARN_UNINITIALIZED_AUTOS = YES_AGGRESSIVE;
				GCC_WARN_UNUSED_FUNCTION = YES;
				GCC_WARN_UNUSED_VARIABLE = YES;
				IPHONEOS_DEPLOYMENT_TARGET = 15.0;
				MTL_ENABLE_DEBUG_INFO = INCLUDE_SOURCE;
				MTL_FAST_MATH = YES;
				ONLY_ACTIVE_ARCH = YES;
				SDKROOT = iphoneos;
				SWIFT_ACTIVE_COMPILATION_CONDITIONS = DEBUG;
				SWIFT_OPTIMIZATION_LEVEL = "-Onone";
			};
			name = Debug;
		};
		927F48E1270751FD00C760A8 /* Release */ = {
			isa = XCBuildConfiguration;
			buildSettings = {
				ALWAYS_SEARCH_USER_PATHS = NO;
				CLANG_ANALYZER_NONNULL = YES;
				CLANG_ANALYZER_NUMBER_OBJECT_CONVERSION = YES_AGGRESSIVE;
				CLANG_CXX_LANGUAGE_STANDARD = "gnu++17";
				CLANG_CXX_LIBRARY = "libc++";
				CLANG_ENABLE_MODULES = YES;
				CLANG_ENABLE_OBJC_ARC = YES;
				CLANG_ENABLE_OBJC_WEAK = YES;
				CLANG_WARN_BLOCK_CAPTURE_AUTORELEASING = YES;
				CLANG_WARN_BOOL_CONVERSION = YES;
				CLANG_WARN_COMMA = YES;
				CLANG_WARN_CONSTANT_CONVERSION = YES;
				CLANG_WARN_DEPRECATED_OBJC_IMPLEMENTATIONS = YES;
				CLANG_WARN_DIRECT_OBJC_ISA_USAGE = YES_ERROR;
				CLANG_WARN_DOCUMENTATION_COMMENTS = YES;
				CLANG_WARN_EMPTY_BODY = YES;
				CLANG_WARN_ENUM_CONVERSION = YES;
				CLANG_WARN_INFINITE_RECURSION = YES;
				CLANG_WARN_INT_CONVERSION = YES;
				CLANG_WARN_NON_LITERAL_NULL_CONVERSION = YES;
				CLANG_WARN_OBJC_IMPLICIT_RETAIN_SELF = YES;
				CLANG_WARN_OBJC_LITERAL_CONVERSION = YES;
				CLANG_WARN_OBJC_ROOT_CLASS = YES_ERROR;
				CLANG_WARN_QUOTED_INCLUDE_IN_FRAMEWORK_HEADER = YES;
				CLANG_WARN_RANGE_LOOP_ANALYSIS = YES;
				CLANG_WARN_STRICT_PROTOTYPES = YES;
				CLANG_WARN_SUSPICIOUS_MOVE = YES;
				CLANG_WARN_UNGUARDED_AVAILABILITY = YES_AGGRESSIVE;
				CLANG_WARN_UNREACHABLE_CODE = YES;
				CLANG_WARN__DUPLICATE_METHOD_MATCH = YES;
				COPY_PHASE_STRIP = NO;
				DEBUG_INFORMATION_FORMAT = "dwarf-with-dsym";
				ENABLE_NS_ASSERTIONS = NO;
				ENABLE_STRICT_OBJC_MSGSEND = YES;
				GCC_C_LANGUAGE_STANDARD = gnu11;
				GCC_NO_COMMON_BLOCKS = YES;
				GCC_WARN_64_TO_32_BIT_CONVERSION = YES;
				GCC_WARN_ABOUT_RETURN_TYPE = YES_ERROR;
				GCC_WARN_UNDECLARED_SELECTOR = YES;
				GCC_WARN_UNINITIALIZED_AUTOS = YES_AGGRESSIVE;
				GCC_WARN_UNUSED_FUNCTION = YES;
				GCC_WARN_UNUSED_VARIABLE = YES;
				IPHONEOS_DEPLOYMENT_TARGET = 15.0;
				MTL_ENABLE_DEBUG_INFO = NO;
				MTL_FAST_MATH = YES;
				SDKROOT = iphoneos;
				SWIFT_COMPILATION_MODE = wholemodule;
				SWIFT_OPTIMIZATION_LEVEL = "-O";
				VALIDATE_PRODUCT = YES;
			};
			name = Release;
		};
		927F48E3270751FD00C760A8 /* Debug */ = {
			isa = XCBuildConfiguration;
			baseConfigurationReference = 53C12EDA281488BDD4056CAB /* Pods-RxFlowTest.debug.xcconfig */;
			buildSettings = {
				ASSETCATALOG_COMPILER_APPICON_NAME = AppIcon;
				ASSETCATALOG_COMPILER_GLOBAL_ACCENT_COLOR_NAME = AccentColor;
				CODE_SIGN_STYLE = Automatic;
				CURRENT_PROJECT_VERSION = 1;
				DEVELOPMENT_TEAM = P5QSBGBP3C;
				GENERATE_INFOPLIST_FILE = YES;
				INFOPLIST_FILE = RxFlowTest/Info.plist;
				INFOPLIST_KEY_UIApplicationSupportsIndirectInputEvents = YES;
				INFOPLIST_KEY_UILaunchStoryboardName = LaunchScreen;
				INFOPLIST_KEY_UISupportedInterfaceOrientations_iPad = "UIInterfaceOrientationPortrait UIInterfaceOrientationPortraitUpsideDown UIInterfaceOrientationLandscapeLeft UIInterfaceOrientationLandscapeRight";
				INFOPLIST_KEY_UISupportedInterfaceOrientations_iPhone = "UIInterfaceOrientationPortrait UIInterfaceOrientationLandscapeLeft UIInterfaceOrientationLandscapeRight";
				LD_RUNPATH_SEARCH_PATHS = (
					"$(inherited)",
					"@executable_path/Frameworks",
				);
				MARKETING_VERSION = 1.0;
				PRODUCT_BUNDLE_IDENTIFIER = com.kimxwan0319.RxFlowTest;
				PRODUCT_NAME = "$(TARGET_NAME)";
				SWIFT_EMIT_LOC_STRINGS = YES;
				SWIFT_VERSION = 5.0;
				TARGETED_DEVICE_FAMILY = "1,2";
			};
			name = Debug;
		};
		927F48E4270751FD00C760A8 /* Release */ = {
			isa = XCBuildConfiguration;
			baseConfigurationReference = CEDFDFDB7F7D2921234B6222 /* Pods-RxFlowTest.release.xcconfig */;
			buildSettings = {
				ASSETCATALOG_COMPILER_APPICON_NAME = AppIcon;
				ASSETCATALOG_COMPILER_GLOBAL_ACCENT_COLOR_NAME = AccentColor;
				CODE_SIGN_STYLE = Automatic;
				CURRENT_PROJECT_VERSION = 1;
				DEVELOPMENT_TEAM = P5QSBGBP3C;
				GENERATE_INFOPLIST_FILE = YES;
				INFOPLIST_FILE = RxFlowTest/Info.plist;
				INFOPLIST_KEY_UIApplicationSupportsIndirectInputEvents = YES;
				INFOPLIST_KEY_UILaunchStoryboardName = LaunchScreen;
				INFOPLIST_KEY_UISupportedInterfaceOrientations_iPad = "UIInterfaceOrientationPortrait UIInterfaceOrientationPortraitUpsideDown UIInterfaceOrientationLandscapeLeft UIInterfaceOrientationLandscapeRight";
				INFOPLIST_KEY_UISupportedInterfaceOrientations_iPhone = "UIInterfaceOrientationPortrait UIInterfaceOrientationLandscapeLeft UIInterfaceOrientationLandscapeRight";
				LD_RUNPATH_SEARCH_PATHS = (
					"$(inherited)",
					"@executable_path/Frameworks",
				);
				MARKETING_VERSION = 1.0;
				PRODUCT_BUNDLE_IDENTIFIER = com.kimxwan0319.RxFlowTest;
				PRODUCT_NAME = "$(TARGET_NAME)";
				SWIFT_EMIT_LOC_STRINGS = YES;
				SWIFT_VERSION = 5.0;
				TARGETED_DEVICE_FAMILY = "1,2";
			};
			name = Release;
		};
/* End XCBuildConfiguration section */

/* Begin XCConfigurationList section */
		927F48C9270751FC00C760A8 /* Build configuration list for PBXProject "RxFlowTest" */ = {
			isa = XCConfigurationList;
			buildConfigurations = (
				927F48E0270751FD00C760A8 /* Debug */,
				927F48E1270751FD00C760A8 /* Release */,
			);
			defaultConfigurationIsVisible = 0;
			defaultConfigurationName = Release;
		};
		927F48E2270751FD00C760A8 /* Build configuration list for PBXNativeTarget "RxFlowTest" */ = {
			isa = XCConfigurationList;
			buildConfigurations = (
				927F48E3270751FD00C760A8 /* Debug */,
				927F48E4270751FD00C760A8 /* Release */,
			);
			defaultConfigurationIsVisible = 0;
			defaultConfigurationName = Release;
		};
/* End XCConfigurationList section */
	};
	rootObject = 927F48C6270751FC00C760A8 /* Project object */;
}
